// !$*UTF8*$!
{
	archiveVersion = 1;
	classes = {
	};
	objectVersion = 56;
	objects = {

/* Begin PBXBuildFile section */
		5A641B0E2C5C697400C8CE05 /* AppDelegate.m in Sources */ = {isa = PBXBuildFile; fileRef = 5A641B0D2C5C697400C8CE05 /* AppDelegate.m */; };
		5A641B112C5C697400C8CE05 /* SceneDelegate.m in Sources */ = {isa = PBXBuildFile; fileRef = 5A641B102C5C697400C8CE05 /* SceneDelegate.m */; };
		5A641B142C5C697400C8CE05 /* ViewController.m in Sources */ = {isa = PBXBuildFile; fileRef = 5A641B132C5C697400C8CE05 /* ViewController.m */; };
		5A641B172C5C697400C8CE05 /* Base in Resources */ = {isa = PBXBuildFile; fileRef = 5A641B162C5C697400C8CE05 /* Base */; };
		5A641B192C5C697500C8CE05 /* Assets.xcassets in Resources */ = {isa = PBXBuildFile; fileRef = 5A641B182C5C697500C8CE05 /* Assets.xcassets */; };
		5A641B1C2C5C697500C8CE05 /* Base in Resources */ = {isa = PBXBuildFile; fileRef = 5A641B1B2C5C697500C8CE05 /* Base */; };
		5A641B1F2C5C697500C8CE05 /* main.m in Sources */ = {isa = PBXBuildFile; fileRef = 5A641B1E2C5C697500C8CE05 /* main.m */; };
		5A641B292C5C697500C8CE05 /* ChessViewControllerTests.m in Sources */ = {isa = PBXBuildFile; fileRef = 5A641B282C5C697500C8CE05 /* ChessViewControllerTests.m */; };
		5A641B332C5C697500C8CE05 /* ChessViewControllerUITests.m in Sources */ = {isa = PBXBuildFile; fileRef = 5A641B322C5C697500C8CE05 /* ChessViewControllerUITests.m */; };
		5A641B352C5C697500C8CE05 /* ChessViewControllerUITestsLaunchTests.m in Sources */ = {isa = PBXBuildFile; fileRef = 5A641B342C5C697500C8CE05 /* ChessViewControllerUITestsLaunchTests.m */; };
/* End PBXBuildFile section */

/* Begin PBXContainerItemProxy section */
		5A641B252C5C697500C8CE05 /* PBXContainerItemProxy */ = {
			isa = PBXContainerItemProxy;
			containerPortal = 5A641B012C5C697400C8CE05 /* Project object */;
			proxyType = 1;
			remoteGlobalIDString = 5A641B082C5C697400C8CE05;
			remoteInfo = ChessViewController;
		};
		5A641B2F2C5C697500C8CE05 /* PBXContainerItemProxy */ = {
			isa = PBXContainerItemProxy;
			containerPortal = 5A641B012C5C697400C8CE05 /* Project object */;
			proxyType = 1;
			remoteGlobalIDString = 5A641B082C5C697400C8CE05;
			remoteInfo = ChessViewController;
		};
/* End PBXContainerItemProxy section */

/* Begin PBXFileReference section */
		5A641B092C5C697400C8CE05 /* ChessViewController.app */ = {isa = PBXFileReference; explicitFileType = wrapper.application; includeInIndex = 0; path = ChessViewController.app; sourceTree = BUILT_PRODUCTS_DIR; };
		5A641B0C2C5C697400C8CE05 /* AppDelegate.h */ = {isa = PBXFileReference; lastKnownFileType = sourcecode.c.h; path = AppDelegate.h; sourceTree = "<group>"; };
		5A641B0D2C5C697400C8CE05 /* AppDelegate.m */ = {isa = PBXFileReference; lastKnownFileType = sourcecode.c.objc; path = AppDelegate.m; sourceTree = "<group>"; };
		5A641B0F2C5C697400C8CE05 /* SceneDelegate.h */ = {isa = PBXFileReference; lastKnownFileType = sourcecode.c.h; path = SceneDelegate.h; sourceTree = "<group>"; };
		5A641B102C5C697400C8CE05 /* SceneDelegate.m */ = {isa = PBXFileReference; lastKnownFileType = sourcecode.c.objc; path = SceneDelegate.m; sourceTree = "<group>"; };
		5A641B122C5C697400C8CE05 /* ViewController.h */ = {isa = PBXFileReference; lastKnownFileType = sourcecode.c.h; path = ViewController.h; sourceTree = "<group>"; };
		5A641B132C5C697400C8CE05 /* ViewController.m */ = {isa = PBXFileReference; lastKnownFileType = sourcecode.c.objc; path = ViewController.m; sourceTree = "<group>"; };
		5A641B162C5C697400C8CE05 /* Base */ = {isa = PBXFileReference; lastKnownFileType = file.storyboard; name = Base; path = Base.lproj/Main.storyboard; sourceTree = "<group>"; };
		5A641B182C5C697500C8CE05 /* Assets.xcassets */ = {isa = PBXFileReference; lastKnownFileType = folder.assetcatalog; path = Assets.xcassets; sourceTree = "<group>"; };
		5A641B1B2C5C697500C8CE05 /* Base */ = {isa = PBXFileReference; lastKnownFileType = file.storyboard; name = Base; path = Base.lproj/LaunchScreen.storyboard; sourceTree = "<group>"; };
		5A641B1D2C5C697500C8CE05 /* Info.plist */ = {isa = PBXFileReference; lastKnownFileType = text.plist.xml; path = Info.plist; sourceTree = "<group>"; };
		5A641B1E2C5C697500C8CE05 /* main.m */ = {isa = PBXFileReference; lastKnownFileType = sourcecode.c.objc; path = main.m; sourceTree = "<group>"; };
		5A641B242C5C697500C8CE05 /* ChessViewControllerTests.xctest */ = {isa = PBXFileReference; explicitFileType = wrapper.cfbundle; includeInIndex = 0; path = ChessViewControllerTests.xctest; sourceTree = BUILT_PRODUCTS_DIR; };
		5A641B282C5C697500C8CE05 /* ChessViewControllerTests.m */ = {isa = PBXFileReference; lastKnownFileType = sourcecode.c.objc; path = ChessViewControllerTests.m; sourceTree = "<group>"; };
		5A641B2E2C5C697500C8CE05 /* ChessViewControllerUITests.xctest */ = {isa = PBXFileReference; explicitFileType = wrapper.cfbundle; includeInIndex = 0; path = ChessViewControllerUITests.xctest; sourceTree = BUILT_PRODUCTS_DIR; };
		5A641B322C5C697500C8CE05 /* ChessViewControllerUITests.m */ = {isa = PBXFileReference; lastKnownFileType = sourcecode.c.objc; path = ChessViewControllerUITests.m; sourceTree = "<group>"; };
		5A641B342C5C697500C8CE05 /* ChessViewControllerUITestsLaunchTests.m */ = {isa = PBXFileReference; lastKnownFileType = sourcecode.c.objc; path = ChessViewControllerUITestsLaunchTests.m; sourceTree = "<group>"; };
/* End PBXFileReference section */

/* Begin PBXFrameworksBuildPhase section */
		5A641B062C5C697400C8CE05 /* Frameworks */ = {
			isa = PBXFrameworksBuildPhase;
			buildActionMask = 2147483647;
			files = (
			);
			runOnlyForDeploymentPostprocessing = 0;
		};
		5A641B212C5C697500C8CE05 /* Frameworks */ = {
			isa = PBXFrameworksBuildPhase;
			buildActionMask = 2147483647;
			files = (
			);
			runOnlyForDeploymentPostprocessing = 0;
		};
		5A641B2B2C5C697500C8CE05 /* Frameworks */ = {
			isa = PBXFrameworksBuildPhase;
			buildActionMask = 2147483647;
			files = (
			);
			runOnlyForDeploymentPostprocessing = 0;
		};
/* End PBXFrameworksBuildPhase section */

/* Begin PBXGroup section */
		5A641B002C5C697400C8CE05 = {
			isa = PBXGroup;
			children = (
				5A641B0B2C5C697400C8CE05 /* ChessViewController */,
				5A641B272C5C697500C8CE05 /* ChessViewControllerTests */,
				5A641B312C5C697500C8CE05 /* ChessViewControllerUITests */,
				5A641B0A2C5C697400C8CE05 /* Products */,
			);
			sourceTree = "<group>";
		};
		5A641B0A2C5C697400C8CE05 /* Products */ = {
			isa = PBXGroup;
			children = (
				5A641B092C5C697400C8CE05 /* ChessViewController.app */,
				5A641B242C5C697500C8CE05 /* ChessViewControllerTests.xctest */,
				5A641B2E2C5C697500C8CE05 /* ChessViewControllerUITests.xctest */,
			);
			name = Products;
			sourceTree = "<group>";
		};
		5A641B0B2C5C697400C8CE05 /* ChessViewController */ = {
			isa = PBXGroup;
			children = (
				5A641B0C2C5C697400C8CE05 /* AppDelegate.h */,
				5A641B0D2C5C697400C8CE05 /* AppDelegate.m */,
				5A641B0F2C5C697400C8CE05 /* SceneDelegate.h */,
				5A641B102C5C697400C8CE05 /* SceneDelegate.m */,
				5A641B122C5C697400C8CE05 /* ViewController.h */,
				5A641B132C5C697400C8CE05 /* ViewController.m */,
				5A641B152C5C697400C8CE05 /* Main.storyboard */,
				5A641B182C5C697500C8CE05 /* Assets.xcassets */,
				5A641B1A2C5C697500C8CE05 /* LaunchScreen.storyboard */,
				5A641B1D2C5C697500C8CE05 /* Info.plist */,
				5A641B1E2C5C697500C8CE05 /* main.m */,
			);
			path = ChessViewController;
			sourceTree = "<group>";
		};
		5A641B272C5C697500C8CE05 /* ChessViewControllerTests */ = {
			isa = PBXGroup;
			children = (
				5A641B282C5C697500C8CE05 /* ChessViewControllerTests.m */,
			);
			path = ChessViewControllerTests;
			sourceTree = "<group>";
		};
		5A641B312C5C697500C8CE05 /* ChessViewControllerUITests */ = {
			isa = PBXGroup;
			children = (
				5A641B322C5C697500C8CE05 /* ChessViewControllerUITests.m */,
				5A641B342C5C697500C8CE05 /* ChessViewControllerUITestsLaunchTests.m */,
			);
			path = ChessViewControllerUITests;
			sourceTree = "<group>";
		};
/* End PBXGroup section */

/* Begin PBXNativeTarget section */
		5A641B082C5C697400C8CE05 /* ChessViewController */ = {
			isa = PBXNativeTarget;
			buildConfigurationList = 5A641B382C5C697500C8CE05 /* Build configuration list for PBXNativeTarget "ChessViewController" */;
			buildPhases = (
				5A641B052C5C697400C8CE05 /* Sources */,
				5A641B062C5C697400C8CE05 /* Frameworks */,
				5A641B072C5C697400C8CE05 /* Resources */,
			);
			buildRules = (
			);
			dependencies = (
			);
			name = ChessViewController;
			productName = ChessViewController;
			productReference = 5A641B092C5C697400C8CE05 /* ChessViewController.app */;
			productType = "com.apple.product-type.application";
		};
		5A641B232C5C697500C8CE05 /* ChessViewControllerTests */ = {
			isa = PBXNativeTarget;
			buildConfigurationList = 5A641B3B2C5C697500C8CE05 /* Build configuration list for PBXNativeTarget "ChessViewControllerTests" */;
			buildPhases = (
				5A641B202C5C697500C8CE05 /* Sources */,
				5A641B212C5C697500C8CE05 /* Frameworks */,
				5A641B222C5C697500C8CE05 /* Resources */,
			);
			buildRules = (
			);
			dependencies = (
				5A641B262C5C697500C8CE05 /* PBXTargetDependency */,
			);
			name = ChessViewControllerTests;
			productName = ChessViewControllerTests;
			productReference = 5A641B242C5C697500C8CE05 /* ChessViewControllerTests.xctest */;
			productType = "com.apple.product-type.bundle.unit-test";
		};
		5A641B2D2C5C697500C8CE05 /* ChessViewControllerUITests */ = {
			isa = PBXNativeTarget;
			buildConfigurationList = 5A641B3E2C5C697500C8CE05 /* Build configuration list for PBXNativeTarget "ChessViewControllerUITests" */;
			buildPhases = (
				5A641B2A2C5C697500C8CE05 /* Sources */,
				5A641B2B2C5C697500C8CE05 /* Frameworks */,
				5A641B2C2C5C697500C8CE05 /* Resources */,
			);
			buildRules = (
			);
			dependencies = (
				5A641B302C5C697500C8CE05 /* PBXTargetDependency */,
			);
			name = ChessViewControllerUITests;
			productName = ChessViewControllerUITests;
			productReference = 5A641B2E2C5C697500C8CE05 /* ChessViewControllerUITests.xctest */;
			productType = "com.apple.product-type.bundle.ui-testing";
		};
/* End PBXNativeTarget section */

/* Begin PBXProject section */
		5A641B012C5C697400C8CE05 /* Project object */ = {
			isa = PBXProject;
			attributes = {
				BuildIndependentTargetsInParallel = 1;
				LastUpgradeCheck = 1540;
				TargetAttributes = {
					5A641B082C5C697400C8CE05 = {
						CreatedOnToolsVersion = 15.4;
					};
					5A641B232C5C697500C8CE05 = {
						CreatedOnToolsVersion = 15.4;
						TestTargetID = 5A641B082C5C697400C8CE05;
					};
					5A641B2D2C5C697500C8CE05 = {
						CreatedOnToolsVersion = 15.4;
						TestTargetID = 5A641B082C5C697400C8CE05;
					};
				};
			};
			buildConfigurationList = 5A641B042C5C697400C8CE05 /* Build configuration list for PBXProject "ChessViewController" */;
			compatibilityVersion = "Xcode 14.0";
			developmentRegion = en;
			hasScannedForEncodings = 0;
			knownRegions = (
				en,
				Base,
			);
			mainGroup = 5A641B002C5C697400C8CE05;
			productRefGroup = 5A641B0A2C5C697400C8CE05 /* Products */;
			projectDirPath = "";
			projectRoot = "";
			targets = (
				5A641B082C5C697400C8CE05 /* ChessViewController */,
				5A641B232C5C697500C8CE05 /* ChessViewControllerTests */,
				5A641B2D2C5C697500C8CE05 /* ChessViewControllerUITests */,
			);
		};
/* End PBXProject section */

/* Begin PBXResourcesBuildPhase section */
		5A641B072C5C697400C8CE05 /* Resources */ = {
			isa = PBXResourcesBuildPhase;
			buildActionMask = 2147483647;
			files = (
				5A641B192C5C697500C8CE05 /* Assets.xcassets in Resources */,
				5A641B1C2C5C697500C8CE05 /* Base in Resources */,
				5A641B172C5C697400C8CE05 /* Base in Resources */,
			);
			runOnlyForDeploymentPostprocessing = 0;
		};
		5A641B222C5C697500C8CE05 /* Resources */ = {
			isa = PBXResourcesBuildPhase;
			buildActionMask = 2147483647;
			files = (
			);
			runOnlyForDeploymentPostprocessing = 0;
		};
		5A641B2C2C5C697500C8CE05 /* Resources */ = {
			isa = PBXResourcesBuildPhase;
			buildActionMask = 2147483647;
			files = (
			);
			runOnlyForDeploymentPostprocessing = 0;
		};
/* End PBXResourcesBuildPhase section */

/* Begin PBXSourcesBuildPhase section */
		5A641B052C5C697400C8CE05 /* Sources */ = {
			isa = PBXSourcesBuildPhase;
			buildActionMask = 2147483647;
			files = (
				5A641B142C5C697400C8CE05 /* ViewController.m in Sources */,
				5A641B0E2C5C697400C8CE05 /* AppDelegate.m in Sources */,
				5A641B1F2C5C697500C8CE05 /* main.m in Sources */,
				5A641B112C5C697400C8CE05 /* SceneDelegate.m in Sources */,
			);
			runOnlyForDeploymentPostprocessing = 0;
		};
		5A641B202C5C697500C8CE05 /* Sources */ = {
			isa = PBXSourcesBuildPhase;
			buildActionMask = 2147483647;
			files = (
				5A641B292C5C697500C8CE05 /* ChessViewControllerTests.m in Sources */,
			);
			runOnlyForDeploymentPostprocessing = 0;
		};
		5A641B2A2C5C697500C8CE05 /* Sources */ = {
			isa = PBXSourcesBuildPhase;
			buildActionMask = 2147483647;
			files = (
				5A641B352C5C697500C8CE05 /* ChessViewControllerUITestsLaunchTests.m in Sources */,
				5A641B332C5C697500C8CE05 /* ChessViewControllerUITests.m in Sources */,
			);
			runOnlyForDeploymentPostprocessing = 0;
		};
/* End PBXSourcesBuildPhase section */

/* Begin PBXTargetDependency section */
		5A641B262C5C697500C8CE05 /* PBXTargetDependency */ = {
			isa = PBXTargetDependency;
			target = 5A641B082C5C697400C8CE05 /* ChessViewController */;
			targetProxy = 5A641B252C5C697500C8CE05 /* PBXContainerItemProxy */;
		};
		5A641B302C5C697500C8CE05 /* PBXTargetDependency */ = {
			isa = PBXTargetDependency;
			target = 5A641B082C5C697400C8CE05 /* ChessViewController */;
			targetProxy = 5A641B2F2C5C697500C8CE05 /* PBXContainerItemProxy */;
		};
/* End PBXTargetDependency section */

/* Begin PBXVariantGroup section */
		5A641B152C5C697400C8CE05 /* Main.storyboard */ = {
			isa = PBXVariantGroup;
			children = (
				5A641B162C5C697400C8CE05 /* Base */,
			);
			name = Main.storyboard;
			sourceTree = "<group>";
		};
		5A641B1A2C5C697500C8CE05 /* LaunchScreen.storyboard */ = {
			isa = PBXVariantGroup;
			children = (
				5A641B1B2C5C697500C8CE05 /* Base */,
			);
			name = LaunchScreen.storyboard;
			sourceTree = "<group>";
		};
/* End PBXVariantGroup section */

/* Begin XCBuildConfiguration section */
		5A641B362C5C697500C8CE05 /* Debug */ = {
			isa = XCBuildConfiguration;
			buildSettings = {
				ALWAYS_SEARCH_USER_PATHS = NO;
				ASSETCATALOG_COMPILER_GENERATE_SWIFT_ASSET_SYMBOL_EXTENSIONS = YES;
				CLANG_ANALYZER_NONNULL = YES;
				CLANG_ANALYZER_NUMBER_OBJECT_CONVERSION = YES_AGGRESSIVE;
				CLANG_CXX_LANGUAGE_STANDARD = "gnu++20";
				CLANG_ENABLE_MODULES = YES;
				CLANG_ENABLE_OBJC_ARC = YES;
				CLANG_ENABLE_OBJC_WEAK = YES;
				CLANG_WARN_BLOCK_CAPTURE_AUTORELEASING = YES;
				CLANG_WARN_BOOL_CONVERSION = YES;
				CLANG_WARN_COMMA = YES;
				CLANG_WARN_CONSTANT_CONVERSION = YES;
				CLANG_WARN_DEPRECATED_OBJC_IMPLEMENTATIONS = YES;
				CLANG_WARN_DIRECT_OBJC_ISA_USAGE = YES_ERROR;
				CLANG_WARN_DOCUMENTATION_COMMENTS = YES;
				CLANG_WARN_EMPTY_BODY = YES;
				CLANG_WARN_ENUM_CONVERSION = YES;
				CLANG_WARN_INFINITE_RECURSION = YES;
				CLANG_WARN_INT_CONVERSION = YES;
				CLANG_WARN_NON_LITERAL_NULL_CONVERSION = YES;
				CLANG_WARN_OBJC_IMPLICIT_RETAIN_SELF = YES;
				CLANG_WARN_OBJC_LITERAL_CONVERSION = YES;
				CLANG_WARN_OBJC_ROOT_CLASS = YES_ERROR;
				CLANG_WARN_QUOTED_INCLUDE_IN_FRAMEWORK_HEADER = YES;
				CLANG_WARN_RANGE_LOOP_ANALYSIS = YES;
				CLANG_WARN_STRICT_PROTOTYPES = YES;
				CLANG_WARN_SUSPICIOUS_MOVE = YES;
				CLANG_WARN_UNGUARDED_AVAILABILITY = YES_AGGRESSIVE;
				CLANG_WARN_UNREACHABLE_CODE = YES;
				CLANG_WARN__DUPLICATE_METHOD_MATCH = YES;
				COPY_PHASE_STRIP = NO;
				DEBUG_INFORMATION_FORMAT = dwarf;
				ENABLE_STRICT_OBJC_MSGSEND = YES;
				ENABLE_TESTABILITY = YES;
				ENABLE_USER_SCRIPT_SANDBOXING = YES;
				GCC_C_LANGUAGE_STANDARD = gnu17;
				GCC_DYNAMIC_NO_PIC = NO;
				GCC_NO_COMMON_BLOCKS = YES;
				GCC_OPTIMIZATION_LEVEL = 0;
				GCC_PREPROCESSOR_DEFINITIONS = (
					"DEBUG=1",
					"$(inherited)",
				);
				GCC_WARN_64_TO_32_BIT_CONVERSION = YES;
				GCC_WARN_ABOUT_RETURN_TYPE = YES_ERROR;
				GCC_WARN_UNDECLARED_SELECTOR = YES;
				GCC_WARN_UNINITIALIZED_AUTOS = YES_AGGRESSIVE;
				GCC_WARN_UNUSED_FUNCTION = YES;
				GCC_WARN_UNUSED_VARIABLE = YES;
				IPHONEOS_DEPLOYMENT_TARGET = 17.5;
				LOCALIZATION_PREFERS_STRING_CATALOGS = YES;
				MTL_ENABLE_DEBUG_INFO = INCLUDE_SOURCE;
				MTL_FAST_MATH = YES;
				ONLY_ACTIVE_ARCH = YES;
				SDKROOT = iphoneos;
			};
			name = Debug;
		};
		5A641B372C5C697500C8CE05 /* Release */ = {
			isa = XCBuildConfiguration;
			buildSettings = {
				ALWAYS_SEARCH_USER_PATHS = NO;
				ASSETCATALOG_COMPILER_GENERATE_SWIFT_ASSET_SYMBOL_EXTENSIONS = YES;
				CLANG_ANALYZER_NONNULL = YES;
				CLANG_ANALYZER_NUMBER_OBJECT_CONVERSION = YES_AGGRESSIVE;
				CLANG_CXX_LANGUAGE_STANDARD = "gnu++20";
				CLANG_ENABLE_MODULES = YES;
				CLANG_ENABLE_OBJC_ARC = YES;
				CLANG_ENABLE_OBJC_WEAK = YES;
				CLANG_WARN_BLOCK_CAPTURE_AUTORELEASING = YES;
				CLANG_WARN_BOOL_CONVERSION = YES;
				CLANG_WARN_COMMA = YES;
				CLANG_WARN_CONSTANT_CONVERSION = YES;
				CLANG_WARN_DEPRECATED_OBJC_IMPLEMENTATIONS = YES;
				CLANG_WARN_DIRECT_OBJC_ISA_USAGE = YES_ERROR;
				CLANG_WARN_DOCUMENTATION_COMMENTS = YES;
				CLANG_WARN_EMPTY_BODY = YES;
				CLANG_WARN_ENUM_CONVERSION = YES;
				CLANG_WARN_INFINITE_RECURSION = YES;
				CLANG_WARN_INT_CONVERSION = YES;
				CLANG_WARN_NON_LITERAL_NULL_CONVERSION = YES;
				CLANG_WARN_OBJC_IMPLICIT_RETAIN_SELF = YES;
				CLANG_WARN_OBJC_LITERAL_CONVERSION = YES;
				CLANG_WARN_OBJC_ROOT_CLASS = YES_ERROR;
				CLANG_WARN_QUOTED_INCLUDE_IN_FRAMEWORK_HEADER = YES;
				CLANG_WARN_RANGE_LOOP_ANALYSIS = YES;
				CLANG_WARN_STRICT_PROTOTYPES = YES;
				CLANG_WARN_SUSPICIOUS_MOVE = YES;
				CLANG_WARN_UNGUARDED_AVAILABILITY = YES_AGGRESSIVE;
				CLANG_WARN_UNREACHABLE_CODE = YES;
				CLANG_WARN__DUPLICATE_METHOD_MATCH = YES;
				COPY_PHASE_STRIP = NO;
				DEBUG_INFORMATION_FORMAT = "dwarf-with-dsym";
				ENABLE_NS_ASSERTIONS = NO;
				ENABLE_STRICT_OBJC_MSGSEND = YES;
				ENABLE_USER_SCRIPT_SANDBOXING = YES;
				GCC_C_LANGUAGE_STANDARD = gnu17;
				GCC_NO_COMMON_BLOCKS = YES;
				GCC_WARN_64_TO_32_BIT_CONVERSION = YES;
				GCC_WARN_ABOUT_RETURN_TYPE = YES_ERROR;
				GCC_WARN_UNDECLARED_SELECTOR = YES;
				GCC_WARN_UNINITIALIZED_AUTOS = YES_AGGRESSIVE;
				GCC_WARN_UNUSED_FUNCTION = YES;
				GCC_WARN_UNUSED_VARIABLE = YES;
				IPHONEOS_DEPLOYMENT_TARGET = 17.5;
				LOCALIZATION_PREFERS_STRING_CATALOGS = YES;
				MTL_ENABLE_DEBUG_INFO = NO;
				MTL_FAST_MATH = YES;
				SDKROOT = iphoneos;
				VALIDATE_PRODUCT = YES;
			};
			name = Release;
		};
		5A641B392C5C697500C8CE05 /* Debug */ = {
			isa = XCBuildConfiguration;
			buildSettings = {
				ASSETCATALOG_COMPILER_APPICON_NAME = AppIcon;
				ASSETCATALOG_COMPILER_GLOBAL_ACCENT_COLOR_NAME = AccentColor;
				CODE_SIGN_STYLE = Automatic;
				CURRENT_PROJECT_VERSION = 1;
				DEVELOPMENT_TEAM = 9N4G98DW98;
				GENERATE_INFOPLIST_FILE = YES;
				INFOPLIST_FILE = ChessViewController/Info.plist;
				INFOPLIST_KEY_UIApplicationSupportsIndirectInputEvents = YES;
				INFOPLIST_KEY_UILaunchStoryboardName = LaunchScreen;
				INFOPLIST_KEY_UIMainStoryboardFile = Main;
				INFOPLIST_KEY_UISupportedInterfaceOrientations_iPad = "UIInterfaceOrientationPortrait UIInterfaceOrientationPortraitUpsideDown UIInterfaceOrientationLandscapeLeft UIInterfaceOrientationLandscapeRight";
				INFOPLIST_KEY_UISupportedInterfaceOrientations_iPhone = "UIInterfaceOrientationPortrait UIInterfaceOrientationLandscapeLeft UIInterfaceOrientationLandscapeRight";
				LD_RUNPATH_SEARCH_PATHS = (
					"$(inherited)",
					"@executable_path/Frameworks",
				);
				MARKETING_VERSION = 1.0;
				PRODUCT_BUNDLE_IDENTIFIER = com.zhizhangyi.ChessViewController;
				PRODUCT_NAME = "$(TARGET_NAME)";
				SWIFT_EMIT_LOC_STRINGS = YES;
				TARGETED_DEVICE_FAMILY = "1,2";
			};
			name = Debug;
		};
		5A641B3A2C5C697500C8CE05 /* Release */ = {
			isa = XCBuildConfiguration;
			buildSettings = {
				ASSETCATALOG_COMPILER_APPICON_NAME = AppIcon;
				ASSETCATALOG_COMPILER_GLOBAL_ACCENT_COLOR_NAME = AccentColor;
				CODE_SIGN_STYLE = Automatic;
				CURRENT_PROJECT_VERSION = 1;
				DEVELOPMENT_TEAM = 9N4G98DW98;
				GENERATE_INFOPLIST_FILE = YES;
				INFOPLIST_FILE = ChessViewController/Info.plist;
				INFOPLIST_KEY_UIApplicationSupportsIndirectInputEvents = YES;
				INFOPLIST_KEY_UILaunchStoryboardName = LaunchScreen;
				INFOPLIST_KEY_UIMainStoryboardFile = Main;
				INFOPLIST_KEY_UISupportedInterfaceOrientations_iPad = "UIInterfaceOrientationPortrait UIInterfaceOrientationPortraitUpsideDown UIInterfaceOrientationLandscapeLeft UIInterfaceOrientationLandscapeRight";
				INFOPLIST_KEY_UISupportedInterfaceOrientations_iPhone = "UIInterfaceOrientationPortrait UIInterfaceOrientationLandscapeLeft UIInterfaceOrientationLandscapeRight";
				LD_RUNPATH_SEARCH_PATHS = (
					"$(inherited)",
					"@executable_path/Frameworks",
				);
				MARKETING_VERSION = 1.0;
				PRODUCT_BUNDLE_IDENTIFIER = com.zhizhangyi.ChessViewController;
				PRODUCT_NAME = "$(TARGET_NAME)";
				SWIFT_EMIT_LOC_STRINGS = YES;
				TARGETED_DEVICE_FAMILY = "1,2";
			};
			name = Release;
		};
		5A641B3C2C5C697500C8CE05 /* Debug */ = {
			isa = XCBuildConfiguration;
			buildSettings = {
				BUNDLE_LOADER = "$(TEST_HOST)";
				CODE_SIGN_STYLE = Automatic;
				CURRENT_PROJECT_VERSION = 1;
				DEVELOPMENT_TEAM = 9N4G98DW98;
				GENERATE_INFOPLIST_FILE = YES;
				IPHONEOS_DEPLOYMENT_TARGET = 17.5;
				MARKETING_VERSION = 1.0;
				PRODUCT_BUNDLE_IDENTIFIER = com.zhizhangyi.ChessViewControllerTests;
				PRODUCT_NAME = "$(TARGET_NAME)";
				SWIFT_EMIT_LOC_STRINGS = NO;
				TARGETED_DEVICE_FAMILY = "1,2";
				TEST_HOST = "$(BUILT_PRODUCTS_DIR)/ChessViewController.app/$(BUNDLE_EXECUTABLE_FOLDER_PATH)/ChessViewController";
			};
			name = Debug;
		};
		5A641B3D2C5C697500C8CE05 /* Release */ = {
			isa = XCBuildConfiguration;
			buildSettings = {
				BUNDLE_LOADER = "$(TEST_HOST)";
				CODE_SIGN_STYLE = Automatic;
				CURRENT_PROJECT_VERSION = 1;
				DEVELOPMENT_TEAM = 9N4G98DW98;
				GENERATE_INFOPLIST_FILE = YES;
				IPHONEOS_DEPLOYMENT_TARGET = 17.5;
				MARKETING_VERSION = 1.0;
				PRODUCT_BUNDLE_IDENTIFIER = com.zhizhangyi.ChessViewControllerTests;
				PRODUCT_NAME = "$(TARGET_NAME)";
				SWIFT_EMIT_LOC_STRINGS = NO;
				TARGETED_DEVICE_FAMILY = "1,2";
				TEST_HOST = "$(BUILT_PRODUCTS_DIR)/ChessViewController.app/$(BUNDLE_EXECUTABLE_FOLDER_PATH)/ChessViewController";
			};
			name = Release;
		};
		5A641B3F2C5C697500C8CE05 /* Debug */ = {
			isa = XCBuildConfiguration;
			buildSettings = {
				CODE_SIGN_STYLE = Automatic;
				CURRENT_PROJECT_VERSION = 1;
				DEVELOPMENT_TEAM = 9N4G98DW98;
				GENERATE_INFOPLIST_FILE = YES;
				MARKETING_VERSION = 1.0;
				PRODUCT_BUNDLE_IDENTIFIER = com.zhizhangyi.ChessViewControllerUITests;
				PRODUCT_NAME = "$(TARGET_NAME)";
				SWIFT_EMIT_LOC_STRINGS = NO;
				TARGETED_DEVICE_FAMILY = "1,2";
				TEST_TARGET_NAME = ChessViewController;
			};
			name = Debug;
		};
		5A641B402C5C697500C8CE05 /* Release */ = {
			isa = XCBuildConfiguration;
			buildSettings = {
				CODE_SIGN_STYLE = Automatic;
				CURRENT_PROJECT_VERSION = 1;
				DEVELOPMENT_TEAM = 9N4G98DW98;
				GENERATE_INFOPLIST_FILE = YES;
				MARKETING_VERSION = 1.0;
				PRODUCT_BUNDLE_IDENTIFIER = com.zhizhangyi.ChessViewControllerUITests;
				PRODUCT_NAME = "$(TARGET_NAME)";
				SWIFT_EMIT_LOC_STRINGS = NO;
				TARGETED_DEVICE_FAMILY = "1,2";
				TEST_TARGET_NAME = ChessViewController;
			};
			name = Release;
		};
/* End XCBuildConfiguration section */

/* Begin XCConfigurationList section */
		5A641B042C5C697400C8CE05 /* Build configuration list for PBXProject "ChessViewController" */ = {
			isa = XCConfigurationList;
			buildConfigurations = (
				5A641B362C5C697500C8CE05 /* Debug */,
				5A641B372C5C697500C8CE05 /* Release */,
			);
			defaultConfigurationIsVisible = 0;
			defaultConfigurationName = Release;
		};
		5A641B382C5C697500C8CE05 /* Build configuration list for PBXNativeTarget "ChessViewController" */ = {
			isa = XCConfigurationList;
			buildConfigurations = (
				5A641B392C5C697500C8CE05 /* Debug */,
				5A641B3A2C5C697500C8CE05 /* Release */,
			);
			defaultConfigurationIsVisible = 0;
			defaultConfigurationName = Release;
		};
		5A641B3B2C5C697500C8CE05 /* Build configuration list for PBXNativeTarget "ChessViewControllerTests" */ = {
			isa = XCConfigurationList;
			buildConfigurations = (
				5A641B3C2C5C697500C8CE05 /* Debug */,
				5A641B3D2C5C697500C8CE05 /* Release */,
			);
			defaultConfigurationIsVisible = 0;
			defaultConfigurationName = Release;
		};
		5A641B3E2C5C697500C8CE05 /* Build configuration list for PBXNativeTarget "ChessViewControllerUITests" */ = {
			isa = XCConfigurationList;
			buildConfigurations = (
				5A641B3F2C5C697500C8CE05 /* Debug */,
				5A641B402C5C697500C8CE05 /* Release */,
			);
			defaultConfigurationIsVisible = 0;
			defaultConfigurationName = Release;
		};
/* End XCConfigurationList section */
	};
	rootObject = 5A641B012C5C697400C8CE05 /* Project object */;
}
